// !$*UTF8*$!
{
	archiveVersion = 1;
	classes = {
	};
	objectVersion = 46;
	objects = {

/* Begin PBXBuildFile section */
		95D8F27819B0117B001749A5 /* main.swift in Sources */ = {isa = PBXBuildFile; fileRef = 95D8F27719B0117B001749A5 /* main.swift */; };
		95D8F27F19B01214001749A5 /* CarFactory.swift in Sources */ = {isa = PBXBuildFile; fileRef = 95D8F27E19B01214001749A5 /* CarFactory.swift */; };
/* End PBXBuildFile section */

/* Begin PBXCopyFilesBuildPhase section */
		95D8F27219B0117B001749A5 /* CopyFiles */ = {
			isa = PBXCopyFilesBuildPhase;
			buildActionMask = 2147483647;
			dstPath = /usr/share/man/man1/;
			dstSubfolderSpec = 0;
			files = (
			);
			runOnlyForDeploymentPostprocessing = 1;
		};
/* End PBXCopyFilesBuildPhase section */

/* Begin PBXFileReference section */
		95D8F27419B0117B001749A5 /* lesson2_ass1_xcode_project */ = {isa = PBXFileReference; explicitFileType = "compiled.mach-o.executable"; includeInIndex = 0; path = lesson2_ass1_xcode_project; sourceTree = BUILT_PRODUCTS_DIR; };
		95D8F27719B0117B001749A5 /* main.swift */ = {isa = PBXFileReference; lastKnownFileType = sourcecode.swift; path = main.swift; sourceTree = "<group>"; };
		95D8F27E19B01214001749A5 /* CarFactory.swift */ = {isa = PBXFileReference; fileEncoding = 4; lastKnownFileType = sourcecode.swift; path = CarFactory.swift; sourceTree = "<group>"; };
/* End PBXFileReference section */

/* Begin PBXFrameworksBuildPhase section */
		95D8F27119B0117B001749A5 /* Frameworks */ = {
			isa = PBXFrameworksBuildPhase;
			buildActionMask = 2147483647;
			files = (
			);
			runOnlyForDeploymentPostprocessing = 0;
		};
/* End PBXFrameworksBuildPhase section */

/* Begin PBXGroup section */
		95D8F26B19B0117B001749A5 = {
			isa = PBXGroup;
			children = (
				95D8F27619B0117B001749A5 /* lesson2_ass1_xcode_project */,
				95D8F27519B0117B001749A5 /* Products */,
			);
			sourceTree = "<group>";
		};
		95D8F27519B0117B001749A5 /* Products */ = {
			isa = PBXGroup;
			children = (
				95D8F27419B0117B001749A5 /* lesson2_ass1_xcode_project */,
			);
			name = Products;
			sourceTree = "<group>";
		};
		95D8F27619B0117B001749A5 /* lesson2_ass1_xcode_project */ = {
			isa = PBXGroup;
			children = (
				95D8F27719B0117B001749A5 /* main.swift */,
				95D8F27E19B01214001749A5 /* CarFactory.swift */,
			);
			path = lesson2_ass1_xcode_project;
			sourceTree = "<group>";
		};
/* End PBXGroup section */

/* Begin PBXNativeTarget section */
		95D8F27319B0117B001749A5 /* lesson2_ass1_xcode_project */ = {
			isa = PBXNativeTarget;
			buildConfigurationList = 95D8F27B19B0117B001749A5 /* Build configuration list for PBXNativeTarget "lesson2_ass1_xcode_project" */;
			buildPhases = (
				95D8F27019B0117B001749A5 /* Sources */,
				95D8F27119B0117B001749A5 /* Frameworks */,
				95D8F27219B0117B001749A5 /* CopyFiles */,
			);
			buildRules = (
			);
			dependencies = (
			);
			name = lesson2_ass1_xcode_project;
			productName = lesson2_ass1_xcode_project;
			productReference = 95D8F27419B0117B001749A5 /* lesson2_ass1_xcode_project */;
			productType = "com.apple.product-type.tool";
		};
/* End PBXNativeTarget section */

/* Begin PBXProject section */
		95D8F26C19B0117B001749A5 /* Project object */ = {
			isa = PBXProject;
			attributes = {
				LastUpgradeCheck = 0600;
				ORGANIZATIONNAME = joelschonbach;
				TargetAttributes = {
					95D8F27319B0117B001749A5 = {
						CreatedOnToolsVersion = 6.0;
					};
				};
			};
			buildConfigurationList = 95D8F26F19B0117B001749A5 /* Build configuration list for PBXProject "lesson2_ass1_xcode_project" */;
			compatibilityVersion = "Xcode 3.2";
			developmentRegion = English;
			hasScannedForEncodings = 0;
			knownRegions = (
				en,
			);
			mainGroup = 95D8F26B19B0117B001749A5;
			productRefGroup = 95D8F27519B0117B001749A5 /* Products */;
			projectDirPath = "";
			projectRoot = "";
			targets = (
				95D8F27319B0117B001749A5 /* lesson2_ass1_xcode_project */,
			);
		};
/* End PBXProject section */

/* Begin PBXSourcesBuildPhase section */
		95D8F27019B0117B001749A5 /* Sources */ = {
			isa = PBXSourcesBuildPhase;
			buildActionMask = 2147483647;
			files = (
				95D8F27819B0117B001749A5 /* main.swift in Sources */,
				95D8F27F19B01214001749A5 /* CarFactory.swift in Sources */,
			);
			runOnlyForDeploymentPostprocessing = 0;
		};
/* End PBXSourcesBuildPhase section */

/* Begin XCBuildConfiguration section */
		95D8F27919B0117B001749A5 /* Debug */ = {
			isa = XCBuildConfiguration;
			buildSettings = {
				ALWAYS_SEARCH_USER_PATHS = NO;
				CLANG_CXX_LANGUAGE_STANDARD = "gnu++0x";
				CLANG_CXX_LIBRARY = "libc++";
				CLANG_ENABLE_MODULES = YES;
				CLANG_ENABLE_OBJC_ARC = YES;
				CLANG_WARN_BOOL_CONVERSION = YES;
				CLANG_WARN_CONSTANT_CONVERSION = YES;
				CLANG_WARN_DIRECT_OBJC_ISA_USAGE = YES_ERROR;
				CLANG_WARN_EMPTY_BODY = YES;
				CLANG_WARN_ENUM_CONVERSION = YES;
				CLANG_WARN_INT_CONVERSION = YES;
				CLANG_WARN_OBJC_ROOT_CLASS = YES_ERROR;
				CLANG_WARN_UNREACHABLE_CODE = YES;
				CLANG_WARN__DUPLICATE_METHOD_MATCH = YES;
				COPY_PHASE_STRIP = NO;
				ENABLE_STRICT_OBJC_MSGSEND = YES;
				GCC_C_LANGUAGE_STANDARD = gnu99;
				GCC_DYNAMIC_NO_PIC = NO;
				GCC_OPTIMIZATION_LEVEL = 0;
				GCC_PREPROCESSOR_DEFINITIONS = (
					"DEBUG=1",
					"$(inherited)",
				);
				GCC_SYMBOLS_PRIVATE_EXTERN = NO;
				GCC_WARN_64_TO_32_BIT_CONVERSION = YES;
				GCC_WARN_ABOUT_RETURN_TYPE = YES_ERROR;
				GCC_WARN_UNDECLARED_SELECTOR = YES;
				GCC_WARN_UNINITIALIZED_AUTOS = YES_AGGRESSIVE;
				GCC_WARN_UNUSED_FUNCTION = YES;
				GCC_WARN_UNUSED_VARIABLE = YES;
				MACOSX_DEPLOYMENT_TARGET = 10.9;
				MTL_ENABLE_DEBUG_INFO = YES;
				ONLY_ACTIVE_ARCH = YES;
				SDKROOT = macosx;
				SWIFT_OPTIMIZATION_LEVEL = "-Onone";
			};
			name = Debug;
		};
		95D8F27A19B0117B001749A5 /* Release */ = {
			isa = XCBuildConfiguration;
			buildSettings = {
				ALWAYS_SEARCH_USER_PATHS = NO;
				CLANG_CXX_LANGUAGE_STANDARD = "gnu++0x";
				CLANG_CXX_LIBRARY = "libc++";
				CLANG_ENABLE_MODULES = YES;
				CLANG_ENABLE_OBJC_ARC = YES;
				CLANG_WARN_BOOL_CONVERSION = YES;
				CLANG_WARN_CONSTANT_CONVERSION = YES;
				CLANG_WARN_DIRECT_OBJC_ISA_USAGE = YES_ERROR;
				CLANG_WARN_EMPTY_BODY = YES;
				CLANG_WARN_ENUM_CONVERSION = YES;
				CLANG_WARN_INT_CONVERSION = YES;
				CLANG_WARN_OBJC_ROOT_CLASS = YES_ERROR;
				CLANG_WARN_UNREACHABLE_CODE = YES;
				CLANG_WARN__DUPLICATE_METHOD_MATCH = YES;
				COPY_PHASE_STRIP = YES;
				DEBUG_INFORMATION_FORMAT = "dwarf-with-dsym";
				ENABLE_NS_ASSERTIONS = NO;
				ENABLE_STRICT_OBJC_MSGSEND = YES;
				GCC_C_LANGUAGE_STANDARD = gnu99;
				GCC_WARN_64_TO_32_BIT_CONVERSION = YES;
				GCC_WARN_ABOUT_RETURN_TYPE = YES_ERROR;
				GCC_WARN_UNDECLARED_SELECTOR = YES;
				GCC_WARN_UNINITIALIZED_AUTOS = YES_AGGRESSIVE;
				GCC_WARN_UNUSED_FUNCTION = YES;
				GCC_WARN_UNUSED_VARIABLE = YES;
				MACOSX_DEPLOYMENT_TARGET = 10.9;
				MTL_ENABLE_DEBUG_INFO = NO;
				SDKROOT = macosx;
			};
			name = Release;
		};
		95D8F27C19B0117B001749A5 /* Debug */ = {
			isa = XCBuildConfiguration;
			buildSettings = {
				PRODUCT_NAME = "$(TARGET_NAME)";
			};
			name = Debug;
		};
		95D8F27D19B0117B001749A5 /* Release */ = {
			isa = XCBuildConfiguration;
			buildSettings = {
				PRODUCT_NAME = "$(TARGET_NAME)";
			};
			name = Release;
		};
/* End XCBuildConfiguration section */

/* Begin XCConfigurationList section */
		95D8F26F19B0117B001749A5 /* Build configuration list for PBXProject "lesson2_ass1_xcode_project" */ = {
			isa = XCConfigurationList;
			buildConfigurations = (
				95D8F27919B0117B001749A5 /* Debug */,
				95D8F27A19B0117B001749A5 /* Release */,
			);
			defaultConfigurationIsVisible = 0;
			defaultConfigurationName = Release;
		};
		95D8F27B19B0117B001749A5 /* Build configuration list for PBXNativeTarget "lesson2_ass1_xcode_project" */ = {
			isa = XCConfigurationList;
			buildConfigurations = (
				95D8F27C19B0117B001749A5 /* Debug */,
				95D8F27D19B0117B001749A5 /* Release */,
			);
			defaultConfigurationIsVisible = 0;
		};
/* End XCConfigurationList section */
	};
	rootObject = 95D8F26C19B0117B001749A5 /* Project object */;
}
